// !$*UTF8*$!
{
	archiveVersion = 1;
	classes = {
	};
	objectVersion = 46;
	objects = {

/* Begin PBXBuildFile section */
		C5B030941C3EB15D002FEF86 /* main.m in Sources */ = {isa = PBXBuildFile; fileRef = C5B030931C3EB15D002FEF86 /* main.m */; };
		C5B030971C3EB15D002FEF86 /* AppDelegate.m in Sources */ = {isa = PBXBuildFile; fileRef = C5B030961C3EB15D002FEF86 /* AppDelegate.m */; };
		C5B0309A1C3EB15D002FEF86 /* ViewController.m in Sources */ = {isa = PBXBuildFile; fileRef = C5B030991C3EB15D002FEF86 /* ViewController.m */; };
		C5B0309D1C3EB15D002FEF86 /* Main.storyboard in Resources */ = {isa = PBXBuildFile; fileRef = C5B0309B1C3EB15D002FEF86 /* Main.storyboard */; };
		C5B0309F1C3EB15D002FEF86 /* Assets.xcassets in Resources */ = {isa = PBXBuildFile; fileRef = C5B0309E1C3EB15D002FEF86 /* Assets.xcassets */; };
		C5B030AA1C3EB764002FEF86 /* Default-568h@2x.png in Resources */ = {isa = PBXBuildFile; fileRef = C5B030A91C3EB764002FEF86 /* Default-568h@2x.png */; };
		C5B030B91C3EB9B8002FEF86 /* FXBlurView.m in Sources */ = {isa = PBXBuildFile; fileRef = C5B030AE1C3EB9B8002FEF86 /* FXBlurView.m */; };
		C5B030BA1C3EB9B8002FEF86 /* UIImage+Colors.m in Sources */ = {isa = PBXBuildFile; fileRef = C5B030B01C3EB9B8002FEF86 /* UIImage+Colors.m */; };
		C5B030BB1C3EB9B8002FEF86 /* JKPopMenuItem.m in Sources */ = {isa = PBXBuildFile; fileRef = C5B030B31C3EB9B8002FEF86 /* JKPopMenuItem.m */; };
		C5B030BC1C3EB9B8002FEF86 /* JKPopMenuView.m in Sources */ = {isa = PBXBuildFile; fileRef = C5B030B51C3EB9B8002FEF86 /* JKPopMenuView.m */; };
		C5B030BD1C3EB9B8002FEF86 /* JTSlideShadowAnimation.m in Sources */ = {isa = PBXBuildFile; fileRef = C5B030B81C3EB9B8002FEF86 /* JTSlideShadowAnimation.m */; };
		C5B030C01C3EC070002FEF86 /* Screenshot-1.png in Resources */ = {isa = PBXBuildFile; fileRef = C5B030BE1C3EC070002FEF86 /* Screenshot-1.png */; };
		C5B030C11C3EC070002FEF86 /* Screenshot-2.png in Resources */ = {isa = PBXBuildFile; fileRef = C5B030BF1C3EC070002FEF86 /* Screenshot-2.png */; };
/* End PBXBuildFile section */

/* Begin PBXFileReference section */
		C5B0308F1C3EB15D002FEF86 /* SM-PhotoPicker.app */ = {isa = PBXFileReference; explicitFileType = wrapper.application; includeInIndex = 0; path = "SM-PhotoPicker.app"; sourceTree = BUILT_PRODUCTS_DIR; };
		C5B030931C3EB15D002FEF86 /* main.m */ = {isa = PBXFileReference; lastKnownFileType = sourcecode.c.objc; path = main.m; sourceTree = "<group>"; };
		C5B030951C3EB15D002FEF86 /* AppDelegate.h */ = {isa = PBXFileReference; lastKnownFileType = sourcecode.c.h; path = AppDelegate.h; sourceTree = "<group>"; };
		C5B030961C3EB15D002FEF86 /* AppDelegate.m */ = {isa = PBXFileReference; lastKnownFileType = sourcecode.c.objc; path = AppDelegate.m; sourceTree = "<group>"; };
		C5B030981C3EB15D002FEF86 /* ViewController.h */ = {isa = PBXFileReference; lastKnownFileType = sourcecode.c.h; path = ViewController.h; sourceTree = "<group>"; };
		C5B030991C3EB15D002FEF86 /* ViewController.m */ = {isa = PBXFileReference; lastKnownFileType = sourcecode.c.objc; path = ViewController.m; sourceTree = "<group>"; };
		C5B0309C1C3EB15D002FEF86 /* Base */ = {isa = PBXFileReference; lastKnownFileType = file.storyboard; name = Base; path = Base.lproj/Main.storyboard; sourceTree = "<group>"; };
		C5B0309E1C3EB15D002FEF86 /* Assets.xcassets */ = {isa = PBXFileReference; lastKnownFileType = folder.assetcatalog; path = Assets.xcassets; sourceTree = "<group>"; };
		C5B030A31C3EB15D002FEF86 /* Info.plist */ = {isa = PBXFileReference; lastKnownFileType = text.plist.xml; path = Info.plist; sourceTree = "<group>"; };
		C5B030A91C3EB764002FEF86 /* Default-568h@2x.png */ = {isa = PBXFileReference; lastKnownFileType = image.png; path = "Default-568h@2x.png"; sourceTree = "<group>"; };
		C5B030AD1C3EB9B8002FEF86 /* FXBlurView.h */ = {isa = PBXFileReference; fileEncoding = 4; lastKnownFileType = sourcecode.c.h; path = FXBlurView.h; sourceTree = "<group>"; };
		C5B030AE1C3EB9B8002FEF86 /* FXBlurView.m */ = {isa = PBXFileReference; fileEncoding = 4; lastKnownFileType = sourcecode.c.objc; path = FXBlurView.m; sourceTree = "<group>"; };
		C5B030AF1C3EB9B8002FEF86 /* UIImage+Colors.h */ = {isa = PBXFileReference; fileEncoding = 4; lastKnownFileType = sourcecode.c.h; path = "UIImage+Colors.h"; sourceTree = "<group>"; };
		C5B030B01C3EB9B8002FEF86 /* UIImage+Colors.m */ = {isa = PBXFileReference; fileEncoding = 4; lastKnownFileType = sourcecode.c.objc; path = "UIImage+Colors.m"; sourceTree = "<group>"; };
		C5B030B21C3EB9B8002FEF86 /* JKPopMenuItem.h */ = {isa = PBXFileReference; fileEncoding = 4; lastKnownFileType = sourcecode.c.h; path = JKPopMenuItem.h; sourceTree = "<group>"; };
		C5B030B31C3EB9B8002FEF86 /* JKPopMenuItem.m */ = {isa = PBXFileReference; fileEncoding = 4; lastKnownFileType = sourcecode.c.objc; path = JKPopMenuItem.m; sourceTree = "<group>"; };
		C5B030B41C3EB9B8002FEF86 /* JKPopMenuView.h */ = {isa = PBXFileReference; fileEncoding = 4; lastKnownFileType = sourcecode.c.h; path = JKPopMenuView.h; sourceTree = "<group>"; };
		C5B030B51C3EB9B8002FEF86 /* JKPopMenuView.m */ = {isa = PBXFileReference; fileEncoding = 4; lastKnownFileType = sourcecode.c.objc; path = JKPopMenuView.m; sourceTree = "<group>"; };
		C5B030B71C3EB9B8002FEF86 /* JTSlideShadowAnimation.h */ = {isa = PBXFileReference; fileEncoding = 4; lastKnownFileType = sourcecode.c.h; path = JTSlideShadowAnimation.h; sourceTree = "<group>"; };
		C5B030B81C3EB9B8002FEF86 /* JTSlideShadowAnimation.m */ = {isa = PBXFileReference; fileEncoding = 4; lastKnownFileType = sourcecode.c.objc; path = JTSlideShadowAnimation.m; sourceTree = "<group>"; };
		C5B030BE1C3EC070002FEF86 /* Screenshot-1.png */ = {isa = PBXFileReference; lastKnownFileType = image.png; path = "Screenshot-1.png"; sourceTree = "<group>"; };
		C5B030BF1C3EC070002FEF86 /* Screenshot-2.png */ = {isa = PBXFileReference; lastKnownFileType = image.png; path = "Screenshot-2.png"; sourceTree = "<group>"; };
/* End PBXFileReference section */

/* Begin PBXFrameworksBuildPhase section */
		C5B0308C1C3EB15D002FEF86 /* Frameworks */ = {
			isa = PBXFrameworksBuildPhase;
			buildActionMask = 2147483647;
			files = (
			);
			runOnlyForDeploymentPostprocessing = 0;
		};
/* End PBXFrameworksBuildPhase section */

/* Begin PBXGroup section */
		C5B030861C3EB15D002FEF86 = {
			isa = PBXGroup;
			children = (
				C5B030A91C3EB764002FEF86 /* Default-568h@2x.png */,
				C5B030911C3EB15D002FEF86 /* SM-PhotoPicker */,
				C5B030901C3EB15D002FEF86 /* Products */,
			);
			sourceTree = "<group>";
		};
		C5B030901C3EB15D002FEF86 /* Products */ = {
			isa = PBXGroup;
			children = (
				C5B0308F1C3EB15D002FEF86 /* SM-PhotoPicker.app */,
			);
			name = Products;
			sourceTree = "<group>";
		};
		C5B030911C3EB15D002FEF86 /* SM-PhotoPicker */ = {
			isa = PBXGroup;
			children = (
				C5B030BE1C3EC070002FEF86 /* Screenshot-1.png */,
				C5B030BF1C3EC070002FEF86 /* Screenshot-2.png */,
				C5B030AB1C3EB9B8002FEF86 /* Library */,
				C5B030951C3EB15D002FEF86 /* AppDelegate.h */,
				C5B030961C3EB15D002FEF86 /* AppDelegate.m */,
				C5B030981C3EB15D002FEF86 /* ViewController.h */,
				C5B030991C3EB15D002FEF86 /* ViewController.m */,
				C5B0309B1C3EB15D002FEF86 /* Main.storyboard */,
				C5B0309E1C3EB15D002FEF86 /* Assets.xcassets */,
				C5B030A31C3EB15D002FEF86 /* Info.plist */,
				C5B030921C3EB15D002FEF86 /* Supporting Files */,
			);
			path = "SM-PhotoPicker";
			sourceTree = "<group>";
		};
		C5B030921C3EB15D002FEF86 /* Supporting Files */ = {
			isa = PBXGroup;
			children = (
				C5B030931C3EB15D002FEF86 /* main.m */,
			);
			name = "Supporting Files";
			sourceTree = "<group>";
		};
		C5B030AB1C3EB9B8002FEF86 /* Library */ = {
			isa = PBXGroup;
			children = (
				C5B030AC1C3EB9B8002FEF86 /* FXBlurView */,
				C5B030B11C3EB9B8002FEF86 /* JKPopMenu */,
				C5B030B61C3EB9B8002FEF86 /* JTSlideShadowAnimation */,
			);
			path = Library;
			sourceTree = "<group>";
		};
		C5B030AC1C3EB9B8002FEF86 /* FXBlurView */ = {
			isa = PBXGroup;
			children = (
				C5B030AD1C3EB9B8002FEF86 /* FXBlurView.h */,
				C5B030AE1C3EB9B8002FEF86 /* FXBlurView.m */,
				C5B030AF1C3EB9B8002FEF86 /* UIImage+Colors.h */,
				C5B030B01C3EB9B8002FEF86 /* UIImage+Colors.m */,
			);
			path = FXBlurView;
			sourceTree = "<group>";
		};
		C5B030B11C3EB9B8002FEF86 /* JKPopMenu */ = {
			isa = PBXGroup;
			children = (
				C5B030B21C3EB9B8002FEF86 /* JKPopMenuItem.h */,
				C5B030B31C3EB9B8002FEF86 /* JKPopMenuItem.m */,
				C5B030B41C3EB9B8002FEF86 /* JKPopMenuView.h */,
				C5B030B51C3EB9B8002FEF86 /* JKPopMenuView.m */,
			);
			path = JKPopMenu;
			sourceTree = "<group>";
		};
		C5B030B61C3EB9B8002FEF86 /* JTSlideShadowAnimation */ = {
			isa = PBXGroup;
			children = (
				C5B030B71C3EB9B8002FEF86 /* JTSlideShadowAnimation.h */,
				C5B030B81C3EB9B8002FEF86 /* JTSlideShadowAnimation.m */,
			);
			path = JTSlideShadowAnimation;
			sourceTree = "<group>";
		};
/* End PBXGroup section */

/* Begin PBXNativeTarget section */
		C5B0308E1C3EB15D002FEF86 /* SM-PhotoPicker */ = {
			isa = PBXNativeTarget;
			buildConfigurationList = C5B030A61C3EB15D002FEF86 /* Build configuration list for PBXNativeTarget "SM-PhotoPicker" */;
			buildPhases = (
				C5B0308B1C3EB15D002FEF86 /* Sources */,
				C5B0308C1C3EB15D002FEF86 /* Frameworks */,
				C5B0308D1C3EB15D002FEF86 /* Resources */,
			);
			buildRules = (
			);
			dependencies = (
			);
			name = "SM-PhotoPicker";
			productName = "SM-PhotoPicker";
			productReference = C5B0308F1C3EB15D002FEF86 /* SM-PhotoPicker.app */;
			productType = "com.apple.product-type.application";
		};
/* End PBXNativeTarget section */

/* Begin PBXProject section */
		C5B030871C3EB15D002FEF86 /* Project object */ = {
			isa = PBXProject;
			attributes = {
				LastUpgradeCheck = 0710;
				ORGANIZATIONNAME = "Huq Majharul";
				TargetAttributes = {
					C5B0308E1C3EB15D002FEF86 = {
						CreatedOnToolsVersion = 7.1.1;
					};
				};
			};
			buildConfigurationList = C5B0308A1C3EB15D002FEF86 /* Build configuration list for PBXProject "SM-PhotoPicker" */;
			compatibilityVersion = "Xcode 3.2";
			developmentRegion = English;
			hasScannedForEncodings = 0;
			knownRegions = (
				en,
				Base,
			);
			mainGroup = C5B030861C3EB15D002FEF86;
			productRefGroup = C5B030901C3EB15D002FEF86 /* Products */;
			projectDirPath = "";
			projectRoot = "";
			targets = (
				C5B0308E1C3EB15D002FEF86 /* SM-PhotoPicker */,
			);
		};
/* End PBXProject section */

/* Begin PBXResourcesBuildPhase section */
		C5B0308D1C3EB15D002FEF86 /* Resources */ = {
			isa = PBXResourcesBuildPhase;
			buildActionMask = 2147483647;
			files = (
				C5B030AA1C3EB764002FEF86 /* Default-568h@2x.png in Resources */,
				C5B0309F1C3EB15D002FEF86 /* Assets.xcassets in Resources */,
				C5B0309D1C3EB15D002FEF86 /* Main.storyboard in Resources */,
				C5B030C11C3EC070002FEF86 /* Screenshot-2.png in Resources */,
				C5B030C01C3EC070002FEF86 /* Screenshot-1.png in Resources */,
			);
			runOnlyForDeploymentPostprocessing = 0;
		};
/* End PBXResourcesBuildPhase section */

/* Begin PBXSourcesBuildPhase section */
		C5B0308B1C3EB15D002FEF86 /* Sources */ = {
			isa = PBXSourcesBuildPhase;
			buildActionMask = 2147483647;
			files = (
				C5B030BD1C3EB9B8002FEF86 /* JTSlideShadowAnimation.m in Sources */,
				C5B0309A1C3EB15D002FEF86 /* ViewController.m in Sources */,
				C5B030B91C3EB9B8002FEF86 /* FXBlurView.m in Sources */,
				C5B030BB1C3EB9B8002FEF86 /* JKPopMenuItem.m in Sources */,
				C5B030971C3EB15D002FEF86 /* AppDelegate.m in Sources */,
				C5B030941C3EB15D002FEF86 /* main.m in Sources */,
				C5B030BA1C3EB9B8002FEF86 /* UIImage+Colors.m in Sources */,
				C5B030BC1C3EB9B8002FEF86 /* JKPopMenuView.m in Sources */,
			);
			runOnlyForDeploymentPostprocessing = 0;
		};
/* End PBXSourcesBuildPhase section */

/* Begin PBXVariantGroup section */
		C5B0309B1C3EB15D002FEF86 /* Main.storyboard */ = {
			isa = PBXVariantGroup;
			children = (
				C5B0309C1C3EB15D002FEF86 /* Base */,
			);
			name = Main.storyboard;
			sourceTree = "<group>";
		};
/* End PBXVariantGroup section */

/* Begin XCBuildConfiguration section */
		C5B030A41C3EB15D002FEF86 /* Debug */ = {
			isa = XCBuildConfiguration;
			buildSettings = {
				ALWAYS_SEARCH_USER_PATHS = NO;
				CLANG_CXX_LANGUAGE_STANDARD = "gnu++0x";
				CLANG_CXX_LIBRARY = "libc++";
				CLANG_ENABLE_MODULES = YES;
				CLANG_ENABLE_OBJC_ARC = YES;
				CLANG_WARN_BOOL_CONVERSION = YES;
				CLANG_WARN_CONSTANT_CONVERSION = YES;
				CLANG_WARN_DIRECT_OBJC_ISA_USAGE = YES_ERROR;
				CLANG_WARN_EMPTY_BODY = YES;
				CLANG_WARN_ENUM_CONVERSION = YES;
				CLANG_WARN_INT_CONVERSION = YES;
				CLANG_WARN_OBJC_ROOT_CLASS = YES_ERROR;
				CLANG_WARN_UNREACHABLE_CODE = YES;
				CLANG_WARN__DUPLICATE_METHOD_MATCH = YES;
				"CODE_SIGN_IDENTITY[sdk=iphoneos*]" = "iPhone Developer";
				COPY_PHASE_STRIP = NO;
				DEBUG_INFORMATION_FORMAT = dwarf;
				ENABLE_STRICT_OBJC_MSGSEND = YES;
				ENABLE_TESTABILITY = YES;
				GCC_C_LANGUAGE_STANDARD = gnu99;
				GCC_DYNAMIC_NO_PIC = NO;
				GCC_NO_COMMON_BLOCKS = YES;
				GCC_OPTIMIZATION_LEVEL = 0;
				GCC_PREPROCESSOR_DEFINITIONS = (
					"DEBUG=1",
					"$(inherited)",
				);
				GCC_WARN_64_TO_32_BIT_CONVERSION = YES;
				GCC_WARN_ABOUT_RETURN_TYPE = YES_ERROR;
				GCC_WARN_UNDECLARED_SELECTOR = YES;
				GCC_WARN_UNINITIALIZED_AUTOS = YES_AGGRESSIVE;
				GCC_WARN_UNUSED_FUNCTION = YES;
				GCC_WARN_UNUSED_VARIABLE = YES;
				IPHONEOS_DEPLOYMENT_TARGET = 9.1;
				MTL_ENABLE_DEBUG_INFO = YES;
				ONLY_ACTIVE_ARCH = YES;
				SDKROOT = iphoneos;
			};
			name = Debug;
		};
		C5B030A51C3EB15D002FEF86 /* Release */ = {
			isa = XCBuildConfiguration;
			buildSettings = {
				ALWAYS_SEARCH_USER_PATHS = NO;
				CLANG_CXX_LANGUAGE_STANDARD = "gnu++0x";
				CLANG_CXX_LIBRARY = "libc++";
				CLANG_ENABLE_MODULES = YES;
				CLANG_ENABLE_OBJC_ARC = YES;
				CLANG_WARN_BOOL_CONVERSION = YES;
				CLANG_WARN_CONSTANT_CONVERSION = YES;
				CLANG_WARN_DIRECT_OBJC_ISA_USAGE = YES_ERROR;
				CLANG_WARN_EMPTY_BODY = YES;
				CLANG_WARN_ENUM_CONVERSION = YES;
				CLANG_WARN_INT_CONVERSION = YES;
				CLANG_WARN_OBJC_ROOT_CLASS = YES_ERROR;
				CLANG_WARN_UNREACHABLE_CODE = YES;
				CLANG_WARN__DUPLICATE_METHOD_MATCH = YES;
				"CODE_SIGN_IDENTITY[sdk=iphoneos*]" = "iPhone Developer";
				COPY_PHASE_STRIP = NO;
				DEBUG_INFORMATION_FORMAT = "dwarf-with-dsym";
				ENABLE_NS_ASSERTIONS = NO;
				ENABLE_STRICT_OBJC_MSGSEND = YES;
				GCC_C_LANGUAGE_STANDARD = gnu99;
				GCC_NO_COMMON_BLOCKS = YES;
				GCC_WARN_64_TO_32_BIT_CONVERSION = YES;
				GCC_WARN_ABOUT_RETURN_TYPE = YES_ERROR;
				GCC_WARN_UNDECLARED_SELECTOR = YES;
				GCC_WARN_UNINITIALIZED_AUTOS = YES_AGGRESSIVE;
				GCC_WARN_UNUSED_FUNCTION = YES;
				GCC_WARN_UNUSED_VARIABLE = YES;
				IPHONEOS_DEPLOYMENT_TARGET = 9.1;
				MTL_ENABLE_DEBUG_INFO = NO;
				SDKROOT = iphoneos;
				VALIDATE_PRODUCT = YES;
			};
			name = Release;
		};
		C5B030A71C3EB15D002FEF86 /* Debug */ = {
			isa = XCBuildConfiguration;
			buildSettings = {
				ASSETCATALOG_COMPILER_APPICON_NAME = AppIcon;
				INFOPLIST_FILE = "SM-PhotoPicker/Info.plist";
				IPHONEOS_DEPLOYMENT_TARGET = 7.0;
				LD_RUNPATH_SEARCH_PATHS = "$(inherited) @executable_path/Frameworks";
				PRODUCT_BUNDLE_IDENTIFIER = "com.sm.photopicker.SM-PhotoPicker";
				PRODUCT_NAME = "$(TARGET_NAME)";
			};
			name = Debug;
		};
		C5B030A81C3EB15D002FEF86 /* Release */ = {
			isa = XCBuildConfiguration;
			buildSettings = {
				ASSETCATALOG_COMPILER_APPICON_NAME = AppIcon;
				INFOPLIST_FILE = "SM-PhotoPicker/Info.plist";
				IPHONEOS_DEPLOYMENT_TARGET = 7.0;
				LD_RUNPATH_SEARCH_PATHS = "$(inherited) @executable_path/Frameworks";
				PRODUCT_BUNDLE_IDENTIFIER = "com.sm.photopicker.SM-PhotoPicker";
				PRODUCT_NAME = "$(TARGET_NAME)";
			};
			name = Release;
		};
/* End XCBuildConfiguration section */

/* Begin XCConfigurationList section */
		C5B0308A1C3EB15D002FEF86 /* Build configuration list for PBXProject "SM-PhotoPicker" */ = {
			isa = XCConfigurationList;
			buildConfigurations = (
				C5B030A41C3EB15D002FEF86 /* Debug */,
				C5B030A51C3EB15D002FEF86 /* Release */,
			);
			defaultConfigurationIsVisible = 0;
			defaultConfigurationName = Release;
		};
		C5B030A61C3EB15D002FEF86 /* Build configuration list for PBXNativeTarget "SM-PhotoPicker" */ = {
			isa = XCConfigurationList;
			buildConfigurations = (
				C5B030A71C3EB15D002FEF86 /* Debug */,
				C5B030A81C3EB15D002FEF86 /* Release */,
			);
			defaultConfigurationIsVisible = 0;
			defaultConfigurationName = Release;
		};
/* End XCConfigurationList section */
	};
	rootObject = C5B030871C3EB15D002FEF86 /* Project object */;
}
